
Microsoft Visual Studio Solution File, Format Version 12.00
# Visual Studio Version 17
VisualStudioVersion = 17.5.002.0
MinimumVisualStudioVersion = 10.0.40219.1
Project("{9A19103F-16F7-4668-BE54-9A1E7A4F7556}") = "NomDuProjet", "NomDuProjet.csproj", "{241023E7-786A-435F-B1D1-952644753D84}"
EndProject
Global
	GlobalSection(SolutionConfigurationPlatforms) = preSolution
		Debug|Any CPU = Debug|Any CPU
		Release|Any CPU = Release|Any CPU
	EndGlobalSection
	GlobalSection(ProjectConfigurationPlatforms) = postSolution
		{241023E7-786A-435F-B1D1-952644753D84}.Debug|Any CPU.ActiveCfg = Debug|Any CPU
		{241023E7-786A-435F-B1D1-952644753D84}.Debug|Any CPU.Build.0 = Debug|Any CPU
		{241023E7-786A-435F-B1D1-952644753D84}.Release|Any CPU.ActiveCfg = Release|Any CPU
		{241023E7-786A-435F-B1D1-952644753D84}.Release|Any CPU.Build.0 = Release|Any CPU
	EndGlobalSection
	GlobalSection(SolutionProperties) = preSolution
		HideSolutionNode = FALSE
	EndGlobalSection
	GlobalSection(ExtensibilityGlobals) = postSolution
		SolutionGuid = {12E5632C-C850-44D1-94A8-5F2CFC6EA2AF}
	EndGlobalSection
EndGlobal
